
Microsoft Visual Studio Solution File, Format Version 12.00
# Visual Studio 2013
VisualStudioVersion = 12.0.31101.0
MinimumVisualStudioVersion = 10.0.40219.1
Project("{2150E333-8FDC-42A3-9474-1A3956D46DE8}") = "Platform", "Platform", "{E4EE57E7-63F6-4ED6-9EE1-497ADDE7394B}"
EndProject
Project("{2150E333-8FDC-42A3-9474-1A3956D46DE8}") = "GDine", "GDine", "{F1A08725-CADD-48D9-A15E-10E6C0255236}"
EndProject
Project("{2150E333-8FDC-42A3-9474-1A3956D46DE8}") = "GToken", "GToken", "{9BFF0FD8-1715-4F2D-83E5-AE59A5C80813}"
EndProject
Project("{2150E333-8FDC-42A3-9474-1A3956D46DE8}") = "GoPlay", "GoPlay", "{CB52ED1F-3FD8-4F60-9BE0-9EF8A823A765}"
EndProject
Project("{FAE04EC0-301F-11D3-BF4B-00C04F79EFBC}") = "GoEat.Web", "..\GoEat\GoEat.Web\GoEat.Web.csproj", "{D616FC5E-1433-4AEB-8EF4-A5EDC6B02332}"
EndProject
Project("{FAE04EC0-301F-11D3-BF4B-00C04F79EFBC}") = "GoEat.Dal", "..\GoEat\GoEat.Dal\GoEat.Dal.csproj", "{BB0A3D3A-3367-4D82-99A9-C744DF75A9E1}"
EndProject
Project("{FAE04EC0-301F-11D3-BF4B-00C04F79EFBC}") = "GoEat.Core", "..\GoEat\GoEat.Core\GoEat.Core.csproj", "{7B373E68-52C6-46F4-AD19-33D977C829AC}"
EndProject
Project("{FAE04EC0-301F-11D3-BF4B-00C04F79EFBC}") = "GoEat.Tests", "..\GoEat\GoEat.Tests\GoEat.Tests.csproj", "{BCEB00E0-D09B-4655-94CF-53047B2A022E}"
EndProject
Project("{FAE04EC0-301F-11D3-BF4B-00C04F79EFBC}") = "Platform.Utility", "..\Shared\GToken.Utility\Platform.Utility.csproj", "{0DA1DEFB-0E51-4148-92C6-13BF0453636F}"
EndProject
Project("{FAE04EC0-301F-11D3-BF4B-00C04F79EFBC}") = "Platform.Models", "..\Shared\GToken.Models\Platform.Models.csproj", "{A1738637-605C-4B46-BC5C-B379A09823F7}"
EndProject
Project("{FAE04EC0-301F-11D3-BF4B-00C04F79EFBC}") = "Platform.Dal", "..\Shared\GToken.Dal\Platform.Dal.csproj", "{E4074E09-C70F-4D8F-BD3F-E5CDC5761A2E}"
EndProject
Project("{FAE04EC0-301F-11D3-BF4B-00C04F79EFBC}") = "Platform.Core", "..\Shared\GToken.Core\Platform.Core.csproj", "{54922C4B-5BFD-4B54-9AE4-7701D95F7FCB}"
EndProject
Project("{FAE04EC0-301F-11D3-BF4B-00C04F79EFBC}") = "GToken.Tests", "..\GToken\GToken.Tests\GToken.Tests.csproj", "{77EC295A-31C5-4E22-A9BF-7259AEBB1984}"
EndProject
Project("{FAE04EC0-301F-11D3-BF4B-00C04F79EFBC}") = "GToken.Web", "..\GToken\GToken\GToken.Web.csproj", "{321BE915-C2F2-423A-8D61-3DBF62052648}"
EndProject
Project("{FAE04EC0-301F-11D3-BF4B-00C04F79EFBC}") = "Resources", "..\GToken\Resources\Resources.csproj", "{2B50E417-72B9-45E1-A434-237F0267F018}"
EndProject
Project("{FAE04EC0-301F-11D3-BF4B-00C04F79EFBC}") = "Resources", "..\GoPlay\Resources\Resources.csproj", "{EBBEDE43-00F3-421C-98D6-269D5EEFC569}"
EndProject
Project("{FAE04EC0-301F-11D3-BF4B-00C04F79EFBC}") = "GoPlay.Web", "..\GoPlay\GoPlay.Web\GoPlay.Web.csproj", "{FE28FA28-B557-4F99-B60F-06D3C531824D}"
EndProject
Project("{FAE04EC0-301F-11D3-BF4B-00C04F79EFBC}") = "GoPlay.Tests", "..\GoPlay\GoPlay.Tests\GoPlay.Tests.csproj", "{26F282D8-29F0-4F16-8642-3F57D700A94D}"
EndProject
Project("{FAE04EC0-301F-11D3-BF4B-00C04F79EFBC}") = "GoPlay.Models", "..\GoPlay\GoPlay.Models\GoPlay.Models.csproj", "{0DB27E0E-14AF-4901-ACBE-F1E1F23E3A65}"
EndProject
Project("{FAE04EC0-301F-11D3-BF4B-00C04F79EFBC}") = "GoPlay.Dal", "..\GoPlay\GoPlay.Dal\GoPlay.Dal.csproj", "{BA46F574-23BB-4045-9D94-400E453ED663}"
EndProject
Project("{FAE04EC0-301F-11D3-BF4B-00C04F79EFBC}") = "GoPlay.Core", "..\GoPlay\GoPlay.Core\GoPlay.Core.csproj", "{7EC3E27A-0AC8-4BE3-AA27-9710195E114C}"
EndProject
Project("{FAE04EC0-301F-11D3-BF4B-00C04F79EFBC}") = "GoEat.Utility", "..\GoEat\GoEat.Utility\GoEat.Utility.csproj", "{7FE7832E-F508-47A5-B890-2FFC638A32F7}"
EndProject
Project("{2150E333-8FDC-42A3-9474-1A3956D46DE8}") = "Test", "Test", "{66DAEC87-5CF4-4692-96A0-FD884A445ED7}"
EndProject
Project("{FAE04EC0-301F-11D3-BF4B-00C04F79EFBC}") = "Platform.Utility.Test", "Test\Platform.Utility.Test\Platform.Utility.Test.csproj", "{6CD3E061-A5E8-4A54-A63F-5C3AA599B3E7}"
EndProject
Project("{2150E333-8FDC-42A3-9474-1A3956D46DE8}") = "API-Proxy", "API-Proxy", "{EF251804-7A02-4C5D-80D9-0D6C6114DBBC}"
EndProject
Project("{FAE04EC0-301F-11D3-BF4B-00C04F79EFBC}") = "APIProxy.Model", "..\APIProxy\APIProxy.Model\APIProxy.Model.csproj", "{38CEDE86-94E1-41D6-B0D3-181B21B9E095}"
EndProject
Project("{FAE04EC0-301F-11D3-BF4B-00C04F79EFBC}") = "APIProxy.Core", "..\APIProxy\APIProxy.Core\APIProxy.Core.csproj", "{5CB34D60-4539-4129-AB2D-12337B792570}"
EndProject
Project("{FAE04EC0-301F-11D3-BF4B-00C04F79EFBC}") = "APIProxy.Web", "..\APIProxy\APIProxy.Web\APIProxy.Web.csproj", "{B8E5EF87-3C45-491A-8ED7-6F37CBB395A4}"
EndProject
Project("{FAE04EC0-301F-11D3-BF4B-00C04F79EFBC}") = "APIProxy.Dal", "..\APIProxy\APIProxy.Dal\APIProxy.Dal.csproj", "{EF0A398C-8178-45B8-82E3-02972C731B04}"
EndProject
Project("{FAE04EC0-301F-11D3-BF4B-00C04F79EFBC}") = "APIProxy.Test", "APIProxy.Test\APIProxy.Test.csproj", "{8E0895E3-EFCF-45AB-B3E3-1633BF583AD5}"
EndProject
Project("{FAE04EC0-301F-11D3-BF4B-00C04F79EFBC}") = "Resources", "..\GoEat\Resources\Resources.csproj", "{6E50C558-9D44-480A-BEC0-5B1AB8E0ADFE}"
EndProject
Project("{2150E333-8FDC-42A3-9474-1A3956D46DE8}") = ".nuget", ".nuget", "{029CE210-CC95-4DE0-A503-391151C00062}"
	ProjectSection(SolutionItems) = preProject
		.nuget\NuGet.Config = .nuget\NuGet.Config
		.nuget\NuGet.exe = .nuget\NuGet.exe
		.nuget\NuGet.targets = .nuget\NuGet.targets
	EndProjectSection
EndProject
Global
	GlobalSection(SolutionConfigurationPlatforms) = preSolution
		Debug|Any CPU = Debug|Any CPU
		Release|Any CPU = Release|Any CPU
	EndGlobalSection
	GlobalSection(ProjectConfigurationPlatforms) = postSolution
		{D616FC5E-1433-4AEB-8EF4-A5EDC6B02332}.Debug|Any CPU.ActiveCfg = Debug|Any CPU
		{D616FC5E-1433-4AEB-8EF4-A5EDC6B02332}.Debug|Any CPU.Build.0 = Debug|Any CPU
		{D616FC5E-1433-4AEB-8EF4-A5EDC6B02332}.Release|Any CPU.ActiveCfg = Release|Any CPU
		{D616FC5E-1433-4AEB-8EF4-A5EDC6B02332}.Release|Any CPU.Build.0 = Release|Any CPU
		{BB0A3D3A-3367-4D82-99A9-C744DF75A9E1}.Debug|Any CPU.ActiveCfg = Debug|Any CPU
		{BB0A3D3A-3367-4D82-99A9-C744DF75A9E1}.Debug|Any CPU.Build.0 = Debug|Any CPU
		{BB0A3D3A-3367-4D82-99A9-C744DF75A9E1}.Release|Any CPU.ActiveCfg = Release|Any CPU
		{BB0A3D3A-3367-4D82-99A9-C744DF75A9E1}.Release|Any CPU.Build.0 = Release|Any CPU
		{7B373E68-52C6-46F4-AD19-33D977C829AC}.Debug|Any CPU.ActiveCfg = Debug|Any CPU
		{7B373E68-52C6-46F4-AD19-33D977C829AC}.Debug|Any CPU.Build.0 = Debug|Any CPU
		{7B373E68-52C6-46F4-AD19-33D977C829AC}.Release|Any CPU.ActiveCfg = Release|Any CPU
		{7B373E68-52C6-46F4-AD19-33D977C829AC}.Release|Any CPU.Build.0 = Release|Any CPU
		{BCEB00E0-D09B-4655-94CF-53047B2A022E}.Debug|Any CPU.ActiveCfg = Debug|Any CPU
		{BCEB00E0-D09B-4655-94CF-53047B2A022E}.Debug|Any CPU.Build.0 = Debug|Any CPU
		{BCEB00E0-D09B-4655-94CF-53047B2A022E}.Release|Any CPU.ActiveCfg = Release|Any CPU
		{BCEB00E0-D09B-4655-94CF-53047B2A022E}.Release|Any CPU.Build.0 = Release|Any CPU
		{0DA1DEFB-0E51-4148-92C6-13BF0453636F}.Debug|Any CPU.ActiveCfg = Debug|Any CPU
		{0DA1DEFB-0E51-4148-92C6-13BF0453636F}.Debug|Any CPU.Build.0 = Debug|Any CPU
		{0DA1DEFB-0E51-4148-92C6-13BF0453636F}.Release|Any CPU.ActiveCfg = Release|Any CPU
		{0DA1DEFB-0E51-4148-92C6-13BF0453636F}.Release|Any CPU.Build.0 = Release|Any CPU
		{A1738637-605C-4B46-BC5C-B379A09823F7}.Debug|Any CPU.ActiveCfg = Debug|Any CPU
		{A1738637-605C-4B46-BC5C-B379A09823F7}.Debug|Any CPU.Build.0 = Debug|Any CPU
		{A1738637-605C-4B46-BC5C-B379A09823F7}.Release|Any CPU.ActiveCfg = Release|Any CPU
		{A1738637-605C-4B46-BC5C-B379A09823F7}.Release|Any CPU.Build.0 = Release|Any CPU
		{E4074E09-C70F-4D8F-BD3F-E5CDC5761A2E}.Debug|Any CPU.ActiveCfg = Debug|Any CPU
		{E4074E09-C70F-4D8F-BD3F-E5CDC5761A2E}.Debug|Any CPU.Build.0 = Debug|Any CPU
		{E4074E09-C70F-4D8F-BD3F-E5CDC5761A2E}.Release|Any CPU.ActiveCfg = Release|Any CPU
		{E4074E09-C70F-4D8F-BD3F-E5CDC5761A2E}.Release|Any CPU.Build.0 = Release|Any CPU
		{54922C4B-5BFD-4B54-9AE4-7701D95F7FCB}.Debug|Any CPU.ActiveCfg = Debug|Any CPU
		{54922C4B-5BFD-4B54-9AE4-7701D95F7FCB}.Debug|Any CPU.Build.0 = Debug|Any CPU
		{54922C4B-5BFD-4B54-9AE4-7701D95F7FCB}.Release|Any CPU.ActiveCfg = Release|Any CPU
		{54922C4B-5BFD-4B54-9AE4-7701D95F7FCB}.Release|Any CPU.Build.0 = Release|Any CPU
		{77EC295A-31C5-4E22-A9BF-7259AEBB1984}.Debug|Any CPU.ActiveCfg = Debug|Any CPU
		{77EC295A-31C5-4E22-A9BF-7259AEBB1984}.Debug|Any CPU.Build.0 = Debug|Any CPU
		{77EC295A-31C5-4E22-A9BF-7259AEBB1984}.Release|Any CPU.ActiveCfg = Release|Any CPU
		{77EC295A-31C5-4E22-A9BF-7259AEBB1984}.Release|Any CPU.Build.0 = Release|Any CPU
		{321BE915-C2F2-423A-8D61-3DBF62052648}.Debug|Any CPU.ActiveCfg = Debug|Any CPU
		{321BE915-C2F2-423A-8D61-3DBF62052648}.Debug|Any CPU.Build.0 = Debug|Any CPU
		{321BE915-C2F2-423A-8D61-3DBF62052648}.Release|Any CPU.ActiveCfg = Release|Any CPU
		{321BE915-C2F2-423A-8D61-3DBF62052648}.Release|Any CPU.Build.0 = Release|Any CPU
		{2B50E417-72B9-45E1-A434-237F0267F018}.Debug|Any CPU.ActiveCfg = Debug|Any CPU
		{2B50E417-72B9-45E1-A434-237F0267F018}.Debug|Any CPU.Build.0 = Debug|Any CPU
		{2B50E417-72B9-45E1-A434-237F0267F018}.Release|Any CPU.ActiveCfg = Release|Any CPU
		{2B50E417-72B9-45E1-A434-237F0267F018}.Release|Any CPU.Build.0 = Release|Any CPU
		{EBBEDE43-00F3-421C-98D6-269D5EEFC569}.Debug|Any CPU.ActiveCfg = Debug|Any CPU
		{EBBEDE43-00F3-421C-98D6-269D5EEFC569}.Debug|Any CPU.Build.0 = Debug|Any CPU
		{EBBEDE43-00F3-421C-98D6-269D5EEFC569}.Release|Any CPU.ActiveCfg = Release|Any CPU
		{EBBEDE43-00F3-421C-98D6-269D5EEFC569}.Release|Any CPU.Build.0 = Release|Any CPU
		{FE28FA28-B557-4F99-B60F-06D3C531824D}.Debug|Any CPU.ActiveCfg = Debug|Any CPU
		{FE28FA28-B557-4F99-B60F-06D3C531824D}.Debug|Any CPU.Build.0 = Debug|Any CPU
		{FE28FA28-B557-4F99-B60F-06D3C531824D}.Release|Any CPU.ActiveCfg = Release|Any CPU
		{FE28FA28-B557-4F99-B60F-06D3C531824D}.Release|Any CPU.Build.0 = Release|Any CPU
		{26F282D8-29F0-4F16-8642-3F57D700A94D}.Debug|Any CPU.ActiveCfg = Debug|Any CPU
		{26F282D8-29F0-4F16-8642-3F57D700A94D}.Debug|Any CPU.Build.0 = Debug|Any CPU
		{26F282D8-29F0-4F16-8642-3F57D700A94D}.Release|Any CPU.ActiveCfg = Release|Any CPU
		{26F282D8-29F0-4F16-8642-3F57D700A94D}.Release|Any CPU.Build.0 = Release|Any CPU
		{0DB27E0E-14AF-4901-ACBE-F1E1F23E3A65}.Debug|Any CPU.ActiveCfg = Debug|Any CPU
		{0DB27E0E-14AF-4901-ACBE-F1E1F23E3A65}.Debug|Any CPU.Build.0 = Debug|Any CPU
		{0DB27E0E-14AF-4901-ACBE-F1E1F23E3A65}.Release|Any CPU.ActiveCfg = Release|Any CPU
		{0DB27E0E-14AF-4901-ACBE-F1E1F23E3A65}.Release|Any CPU.Build.0 = Release|Any CPU
		{BA46F574-23BB-4045-9D94-400E453ED663}.Debug|Any CPU.ActiveCfg = Debug|Any CPU
		{BA46F574-23BB-4045-9D94-400E453ED663}.Debug|Any CPU.Build.0 = Debug|Any CPU
		{BA46F574-23BB-4045-9D94-400E453ED663}.Release|Any CPU.ActiveCfg = Release|Any CPU
		{BA46F574-23BB-4045-9D94-400E453ED663}.Release|Any CPU.Build.0 = Release|Any CPU
		{7EC3E27A-0AC8-4BE3-AA27-9710195E114C}.Debug|Any CPU.ActiveCfg = Debug|Any CPU
		{7EC3E27A-0AC8-4BE3-AA27-9710195E114C}.Debug|Any CPU.Build.0 = Debug|Any CPU
		{7EC3E27A-0AC8-4BE3-AA27-9710195E114C}.Release|Any CPU.ActiveCfg = Release|Any CPU
		{7EC3E27A-0AC8-4BE3-AA27-9710195E114C}.Release|Any CPU.Build.0 = Release|Any CPU
		{7FE7832E-F508-47A5-B890-2FFC638A32F7}.Debug|Any CPU.ActiveCfg = Debug|Any CPU
		{7FE7832E-F508-47A5-B890-2FFC638A32F7}.Debug|Any CPU.Build.0 = Debug|Any CPU
		{7FE7832E-F508-47A5-B890-2FFC638A32F7}.Release|Any CPU.ActiveCfg = Release|Any CPU
		{7FE7832E-F508-47A5-B890-2FFC638A32F7}.Release|Any CPU.Build.0 = Release|Any CPU
		{6CD3E061-A5E8-4A54-A63F-5C3AA599B3E7}.Debug|Any CPU.ActiveCfg = Debug|Any CPU
		{6CD3E061-A5E8-4A54-A63F-5C3AA599B3E7}.Debug|Any CPU.Build.0 = Debug|Any CPU
		{6CD3E061-A5E8-4A54-A63F-5C3AA599B3E7}.Release|Any CPU.ActiveCfg = Release|Any CPU
		{6CD3E061-A5E8-4A54-A63F-5C3AA599B3E7}.Release|Any CPU.Build.0 = Release|Any CPU
		{38CEDE86-94E1-41D6-B0D3-181B21B9E095}.Debug|Any CPU.ActiveCfg = Debug|Any CPU
		{38CEDE86-94E1-41D6-B0D3-181B21B9E095}.Debug|Any CPU.Build.0 = Debug|Any CPU
		{38CEDE86-94E1-41D6-B0D3-181B21B9E095}.Release|Any CPU.ActiveCfg = Release|Any CPU
		{38CEDE86-94E1-41D6-B0D3-181B21B9E095}.Release|Any CPU.Build.0 = Release|Any CPU
		{5CB34D60-4539-4129-AB2D-12337B792570}.Debug|Any CPU.ActiveCfg = Debug|Any CPU
		{5CB34D60-4539-4129-AB2D-12337B792570}.Debug|Any CPU.Build.0 = Debug|Any CPU
		{5CB34D60-4539-4129-AB2D-12337B792570}.Release|Any CPU.ActiveCfg = Release|Any CPU
		{5CB34D60-4539-4129-AB2D-12337B792570}.Release|Any CPU.Build.0 = Release|Any CPU
		{B8E5EF87-3C45-491A-8ED7-6F37CBB395A4}.Debug|Any CPU.ActiveCfg = Debug|Any CPU
		{B8E5EF87-3C45-491A-8ED7-6F37CBB395A4}.Debug|Any CPU.Build.0 = Debug|Any CPU
		{B8E5EF87-3C45-491A-8ED7-6F37CBB395A4}.Release|Any CPU.ActiveCfg = Release|Any CPU
		{B8E5EF87-3C45-491A-8ED7-6F37CBB395A4}.Release|Any CPU.Build.0 = Release|Any CPU
		{EF0A398C-8178-45B8-82E3-02972C731B04}.Debug|Any CPU.ActiveCfg = Debug|Any CPU
		{EF0A398C-8178-45B8-82E3-02972C731B04}.Debug|Any CPU.Build.0 = Debug|Any CPU
		{EF0A398C-8178-45B8-82E3-02972C731B04}.Release|Any CPU.ActiveCfg = Release|Any CPU
		{EF0A398C-8178-45B8-82E3-02972C731B04}.Release|Any CPU.Build.0 = Release|Any CPU
		{8E0895E3-EFCF-45AB-B3E3-1633BF583AD5}.Debug|Any CPU.ActiveCfg = Debug|Any CPU
		{8E0895E3-EFCF-45AB-B3E3-1633BF583AD5}.Debug|Any CPU.Build.0 = Debug|Any CPU
		{8E0895E3-EFCF-45AB-B3E3-1633BF583AD5}.Release|Any CPU.ActiveCfg = Release|Any CPU
		{8E0895E3-EFCF-45AB-B3E3-1633BF583AD5}.Release|Any CPU.Build.0 = Release|Any CPU
		{6E50C558-9D44-480A-BEC0-5B1AB8E0ADFE}.Debug|Any CPU.ActiveCfg = Debug|Any CPU
		{6E50C558-9D44-480A-BEC0-5B1AB8E0ADFE}.Debug|Any CPU.Build.0 = Debug|Any CPU
		{6E50C558-9D44-480A-BEC0-5B1AB8E0ADFE}.Release|Any CPU.ActiveCfg = Release|Any CPU
		{6E50C558-9D44-480A-BEC0-5B1AB8E0ADFE}.Release|Any CPU.Build.0 = Release|Any CPU
	EndGlobalSection
	GlobalSection(SolutionProperties) = preSolution
		HideSolutionNode = FALSE
	EndGlobalSection
	GlobalSection(NestedProjects) = preSolution
		{D616FC5E-1433-4AEB-8EF4-A5EDC6B02332} = {F1A08725-CADD-48D9-A15E-10E6C0255236}
		{BB0A3D3A-3367-4D82-99A9-C744DF75A9E1} = {F1A08725-CADD-48D9-A15E-10E6C0255236}
		{7B373E68-52C6-46F4-AD19-33D977C829AC} = {F1A08725-CADD-48D9-A15E-10E6C0255236}
		{BCEB00E0-D09B-4655-94CF-53047B2A022E} = {F1A08725-CADD-48D9-A15E-10E6C0255236}
		{0DA1DEFB-0E51-4148-92C6-13BF0453636F} = {E4EE57E7-63F6-4ED6-9EE1-497ADDE7394B}
		{A1738637-605C-4B46-BC5C-B379A09823F7} = {E4EE57E7-63F6-4ED6-9EE1-497ADDE7394B}
		{E4074E09-C70F-4D8F-BD3F-E5CDC5761A2E} = {E4EE57E7-63F6-4ED6-9EE1-497ADDE7394B}
		{54922C4B-5BFD-4B54-9AE4-7701D95F7FCB} = {E4EE57E7-63F6-4ED6-9EE1-497ADDE7394B}
		{77EC295A-31C5-4E22-A9BF-7259AEBB1984} = {9BFF0FD8-1715-4F2D-83E5-AE59A5C80813}
		{321BE915-C2F2-423A-8D61-3DBF62052648} = {9BFF0FD8-1715-4F2D-83E5-AE59A5C80813}
		{2B50E417-72B9-45E1-A434-237F0267F018} = {9BFF0FD8-1715-4F2D-83E5-AE59A5C80813}
		{EBBEDE43-00F3-421C-98D6-269D5EEFC569} = {CB52ED1F-3FD8-4F60-9BE0-9EF8A823A765}
		{FE28FA28-B557-4F99-B60F-06D3C531824D} = {CB52ED1F-3FD8-4F60-9BE0-9EF8A823A765}
		{26F282D8-29F0-4F16-8642-3F57D700A94D} = {CB52ED1F-3FD8-4F60-9BE0-9EF8A823A765}
		{0DB27E0E-14AF-4901-ACBE-F1E1F23E3A65} = {CB52ED1F-3FD8-4F60-9BE0-9EF8A823A765}
		{BA46F574-23BB-4045-9D94-400E453ED663} = {CB52ED1F-3FD8-4F60-9BE0-9EF8A823A765}
		{7EC3E27A-0AC8-4BE3-AA27-9710195E114C} = {CB52ED1F-3FD8-4F60-9BE0-9EF8A823A765}
		{7FE7832E-F508-47A5-B890-2FFC638A32F7} = {F1A08725-CADD-48D9-A15E-10E6C0255236}
		{66DAEC87-5CF4-4692-96A0-FD884A445ED7} = {E4EE57E7-63F6-4ED6-9EE1-497ADDE7394B}
		{6CD3E061-A5E8-4A54-A63F-5C3AA599B3E7} = {66DAEC87-5CF4-4692-96A0-FD884A445ED7}
		{38CEDE86-94E1-41D6-B0D3-181B21B9E095} = {EF251804-7A02-4C5D-80D9-0D6C6114DBBC}
		{5CB34D60-4539-4129-AB2D-12337B792570} = {EF251804-7A02-4C5D-80D9-0D6C6114DBBC}
		{B8E5EF87-3C45-491A-8ED7-6F37CBB395A4} = {EF251804-7A02-4C5D-80D9-0D6C6114DBBC}
		{EF0A398C-8178-45B8-82E3-02972C731B04} = {EF251804-7A02-4C5D-80D9-0D6C6114DBBC}
		{8E0895E3-EFCF-45AB-B3E3-1633BF583AD5} = {EF251804-7A02-4C5D-80D9-0D6C6114DBBC}
		{6E50C558-9D44-480A-BEC0-5B1AB8E0ADFE} = {F1A08725-CADD-48D9-A15E-10E6C0255236}
	EndGlobalSection
EndGlobal
